
Microsoft Visual Studio Solution File, Format Version 12.00
# Visual Studio Version 17
VisualStudioVersion = 17.0.32002.185
MinimumVisualStudioVersion = 10.0.40219.1
Project("{2150E333-8FDC-42A3-9474-1A3956D46DE8}") = "Services", "Services", "{A569E6A8-277B-47D0-87E4-E30A5ADC2F4E}"
EndProject
Project("{2150E333-8FDC-42A3-9474-1A3956D46DE8}") = "Catalog", "Catalog", "{B5D2C67F-ECB6-40B8-B237-601CF7FA3729}"
EndProject
Project("{9A19103F-16F7-4668-BE54-9A1E7A4F7556}") = "Catalog.API", "Services\Catalog\Catalog.API\Catalog.API.csproj", "{DA3F7CAB-DB88-4E13-91E0-C56956638594}"
EndProject
Project("{E53339B2-1760-4266-BCC7-CA923CBCF16C}") = "docker-compose", "docker-compose.dcproj", "{3CAECE89-C486-4591-B19D-9F063FEFA3C7}"
EndProject
Project("{2150E333-8FDC-42A3-9474-1A3956D46DE8}") = "Basket", "Basket", "{089B0EC7-9475-4851-9F3D-80CBCD4560F6}"
EndProject
Project("{9A19103F-16F7-4668-BE54-9A1E7A4F7556}") = "Basket.API", "Services\Basket\Basket.API\Basket.API.csproj", "{5209164B-05B6-40D3-941B-B23A5BC2E8FC}"
EndProject
Project("{2150E333-8FDC-42A3-9474-1A3956D46DE8}") = "Discount", "Discount", "{90339AB9-9D87-4281-A271-05DCD9C68BD1}"
EndProject
Project("{9A19103F-16F7-4668-BE54-9A1E7A4F7556}") = "Discount.API", "Services\Discount\Discount.API\Discount.API.csproj", "{8FCD8FAB-822F-4C48-88D9-D4FDE149D0F0}"
EndProject
Project("{2150E333-8FDC-42A3-9474-1A3956D46DE8}") = "Ordering", "Ordering", "{17435AE6-E869-4992-A16B-2DDF70D28ADC}"
EndProject
Project("{9A19103F-16F7-4668-BE54-9A1E7A4F7556}") = "Ordering.API", "Services\Ordering\Ordering.API\Ordering.API.csproj", "{FFF1D06B-EEB1-47B5-BB6D-0494C4D36B4D}"
EndProject
Project("{9A19103F-16F7-4668-BE54-9A1E7A4F7556}") = "Ordering.Domain", "Services\Ordering\Ordering.Domain\Ordering.Domain.csproj", "{A51EEE02-CCB4-481C-9836-8E18AB9663C6}"
EndProject
Project("{9A19103F-16F7-4668-BE54-9A1E7A4F7556}") = "Ordering.Application", "Services\Ordering\Ordering.Application\Ordering.Application.csproj", "{978E712C-CFE7-491E-8FDE-1114E8FE3F88}"
EndProject
Project("{9A19103F-16F7-4668-BE54-9A1E7A4F7556}") = "Ordering.Infrastructure", "Services\Ordering\Ordering.Infrastructure\Ordering.Infrastructure.csproj", "{6AACA36F-2C86-47EC-812C-896D5194EB62}"
EndProject
Project("{2150E333-8FDC-42A3-9474-1A3956D46DE8}") = "BuildingBlocks", "BuildingBlocks", "{048E4096-FC61-4E60-9F11-F12E81932E65}"
EndProject
Project("{9A19103F-16F7-4668-BE54-9A1E7A4F7556}") = "EventBus.Messages", "BuildingBlocks\EventBus.Messages\EventBus.Messages.csproj", "{D64EDEF6-6405-495F-AAB8-6B3B7FFF193D}"
EndProject
Project("{2150E333-8FDC-42A3-9474-1A3956D46DE8}") = "ApiGateways", "ApiGateways", "{6D8FA046-A1DE-4C62-8B29-4B8910DA8B68}"
EndProject
Project("{9A19103F-16F7-4668-BE54-9A1E7A4F7556}") = "OcelotApiGw", "ApiGateways\OcelotApiGw\OcelotApiGw.csproj", "{1F843BE0-3D91-47AF-8FC1-5CA1F4E56AC7}"
EndProject
Project("{9A19103F-16F7-4668-BE54-9A1E7A4F7556}") = "Shopping.Aggregator", "ApiGateways\Shopping.Aggregator\Shopping.Aggregator.csproj", "{16F94C1C-B478-4031-AF28-8FBE1EDF1DE8}"
EndProject
Project("{2150E333-8FDC-42A3-9474-1A3956D46DE8}") = "WebApps", "WebApps", "{80E57405-61B0-4022-99ED-57C47EE664B3}"
EndProject
Project("{9A19103F-16F7-4668-BE54-9A1E7A4F7556}") = "AspnetRunBasics", "WebApps\AspnetRunBasics\AspnetRunBasics.csproj", "{9EDD6962-5722-4D02-9D2A-D1CD444AA6FC}"
EndProject
Global
	GlobalSection(SolutionConfigurationPlatforms) = preSolution
		Debug|Any CPU = Debug|Any CPU
		Release|Any CPU = Release|Any CPU
	EndGlobalSection
	GlobalSection(ProjectConfigurationPlatforms) = postSolution
		{DA3F7CAB-DB88-4E13-91E0-C56956638594}.Debug|Any CPU.ActiveCfg = Debug|Any CPU
		{DA3F7CAB-DB88-4E13-91E0-C56956638594}.Debug|Any CPU.Build.0 = Debug|Any CPU
		{DA3F7CAB-DB88-4E13-91E0-C56956638594}.Release|Any CPU.ActiveCfg = Release|Any CPU
		{DA3F7CAB-DB88-4E13-91E0-C56956638594}.Release|Any CPU.Build.0 = Release|Any CPU
		{3CAECE89-C486-4591-B19D-9F063FEFA3C7}.Debug|Any CPU.ActiveCfg = Debug|Any CPU
		{3CAECE89-C486-4591-B19D-9F063FEFA3C7}.Debug|Any CPU.Build.0 = Debug|Any CPU
		{3CAECE89-C486-4591-B19D-9F063FEFA3C7}.Release|Any CPU.ActiveCfg = Release|Any CPU
		{3CAECE89-C486-4591-B19D-9F063FEFA3C7}.Release|Any CPU.Build.0 = Release|Any CPU
		{5209164B-05B6-40D3-941B-B23A5BC2E8FC}.Debug|Any CPU.ActiveCfg = Debug|Any CPU
		{5209164B-05B6-40D3-941B-B23A5BC2E8FC}.Debug|Any CPU.Build.0 = Debug|Any CPU
		{5209164B-05B6-40D3-941B-B23A5BC2E8FC}.Release|Any CPU.ActiveCfg = Release|Any CPU
		{5209164B-05B6-40D3-941B-B23A5BC2E8FC}.Release|Any CPU.Build.0 = Release|Any CPU
		{8FCD8FAB-822F-4C48-88D9-D4FDE149D0F0}.Debug|Any CPU.ActiveCfg = Debug|Any CPU
		{8FCD8FAB-822F-4C48-88D9-D4FDE149D0F0}.Debug|Any CPU.Build.0 = Debug|Any CPU
		{8FCD8FAB-822F-4C48-88D9-D4FDE149D0F0}.Release|Any CPU.ActiveCfg = Release|Any CPU
		{8FCD8FAB-822F-4C48-88D9-D4FDE149D0F0}.Release|Any CPU.Build.0 = Release|Any CPU
		{FFF1D06B-EEB1-47B5-BB6D-0494C4D36B4D}.Debug|Any CPU.ActiveCfg = Debug|Any CPU
		{FFF1D06B-EEB1-47B5-BB6D-0494C4D36B4D}.Debug|Any CPU.Build.0 = Debug|Any CPU
		{FFF1D06B-EEB1-47B5-BB6D-0494C4D36B4D}.Release|Any CPU.ActiveCfg = Release|Any CPU
		{FFF1D06B-EEB1-47B5-BB6D-0494C4D36B4D}.Release|Any CPU.Build.0 = Release|Any CPU
		{A51EEE02-CCB4-481C-9836-8E18AB9663C6}.Debug|Any CPU.ActiveCfg = Debug|Any CPU
		{A51EEE02-CCB4-481C-9836-8E18AB9663C6}.Debug|Any CPU.Build.0 = Debug|Any CPU
		{A51EEE02-CCB4-481C-9836-8E18AB9663C6}.Release|Any CPU.ActiveCfg = Release|Any CPU
		{A51EEE02-CCB4-481C-9836-8E18AB9663C6}.Release|Any CPU.Build.0 = Release|Any CPU
		{978E712C-CFE7-491E-8FDE-1114E8FE3F88}.Debug|Any CPU.ActiveCfg = Debug|Any CPU
		{978E712C-CFE7-491E-8FDE-1114E8FE3F88}.Debug|Any CPU.Build.0 = Debug|Any CPU
		{978E712C-CFE7-491E-8FDE-1114E8FE3F88}.Release|Any CPU.ActiveCfg = Release|Any CPU
		{978E712C-CFE7-491E-8FDE-1114E8FE3F88}.Release|Any CPU.Build.0 = Release|Any CPU
		{6AACA36F-2C86-47EC-812C-896D5194EB62}.Debug|Any CPU.ActiveCfg = Debug|Any CPU
		{6AACA36F-2C86-47EC-812C-896D5194EB62}.Debug|Any CPU.Build.0 = Debug|Any CPU
		{6AACA36F-2C86-47EC-812C-896D5194EB62}.Release|Any CPU.ActiveCfg = Release|Any CPU
		{6AACA36F-2C86-47EC-812C-896D5194EB62}.Release|Any CPU.Build.0 = Release|Any CPU
		{D64EDEF6-6405-495F-AAB8-6B3B7FFF193D}.Debug|Any CPU.ActiveCfg = Debug|Any CPU
		{D64EDEF6-6405-495F-AAB8-6B3B7FFF193D}.Debug|Any CPU.Build.0 = Debug|Any CPU
		{D64EDEF6-6405-495F-AAB8-6B3B7FFF193D}.Release|Any CPU.ActiveCfg = Release|Any CPU
		{D64EDEF6-6405-495F-AAB8-6B3B7FFF193D}.Release|Any CPU.Build.0 = Release|Any CPU
		{1F843BE0-3D91-47AF-8FC1-5CA1F4E56AC7}.Debug|Any CPU.ActiveCfg = Debug|Any CPU
		{1F843BE0-3D91-47AF-8FC1-5CA1F4E56AC7}.Debug|Any CPU.Build.0 = Debug|Any CPU
		{1F843BE0-3D91-47AF-8FC1-5CA1F4E56AC7}.Release|Any CPU.ActiveCfg = Release|Any CPU
		{1F843BE0-3D91-47AF-8FC1-5CA1F4E56AC7}.Release|Any CPU.Build.0 = Release|Any CPU
		{16F94C1C-B478-4031-AF28-8FBE1EDF1DE8}.Debug|Any CPU.ActiveCfg = Debug|Any CPU
		{16F94C1C-B478-4031-AF28-8FBE1EDF1DE8}.Debug|Any CPU.Build.0 = Debug|Any CPU
		{16F94C1C-B478-4031-AF28-8FBE1EDF1DE8}.Release|Any CPU.ActiveCfg = Release|Any CPU
		{16F94C1C-B478-4031-AF28-8FBE1EDF1DE8}.Release|Any CPU.Build.0 = Release|Any CPU
		{9EDD6962-5722-4D02-9D2A-D1CD444AA6FC}.Debug|Any CPU.ActiveCfg = Debug|Any CPU
		{9EDD6962-5722-4D02-9D2A-D1CD444AA6FC}.Debug|Any CPU.Build.0 = Debug|Any CPU
		{9EDD6962-5722-4D02-9D2A-D1CD444AA6FC}.Release|Any CPU.ActiveCfg = Release|Any CPU
		{9EDD6962-5722-4D02-9D2A-D1CD444AA6FC}.Release|Any CPU.Build.0 = Release|Any CPU
	EndGlobalSection
	GlobalSection(SolutionProperties) = preSolution
		HideSolutionNode = FALSE
	EndGlobalSection
	GlobalSection(NestedProjects) = preSolution
		{B5D2C67F-ECB6-40B8-B237-601CF7FA3729} = {A569E6A8-277B-47D0-87E4-E30A5ADC2F4E}
		{DA3F7CAB-DB88-4E13-91E0-C56956638594} = {B5D2C67F-ECB6-40B8-B237-601CF7FA3729}
		{089B0EC7-9475-4851-9F3D-80CBCD4560F6} = {A569E6A8-277B-47D0-87E4-E30A5ADC2F4E}
		{5209164B-05B6-40D3-941B-B23A5BC2E8FC} = {089B0EC7-9475-4851-9F3D-80CBCD4560F6}
		{90339AB9-9D87-4281-A271-05DCD9C68BD1} = {A569E6A8-277B-47D0-87E4-E30A5ADC2F4E}
		{8FCD8FAB-822F-4C48-88D9-D4FDE149D0F0} = {90339AB9-9D87-4281-A271-05DCD9C68BD1}
		{17435AE6-E869-4992-A16B-2DDF70D28ADC} = {A569E6A8-277B-47D0-87E4-E30A5ADC2F4E}
		{FFF1D06B-EEB1-47B5-BB6D-0494C4D36B4D} = {17435AE6-E869-4992-A16B-2DDF70D28ADC}
		{A51EEE02-CCB4-481C-9836-8E18AB9663C6} = {17435AE6-E869-4992-A16B-2DDF70D28ADC}
		{978E712C-CFE7-491E-8FDE-1114E8FE3F88} = {17435AE6-E869-4992-A16B-2DDF70D28ADC}
		{6AACA36F-2C86-47EC-812C-896D5194EB62} = {17435AE6-E869-4992-A16B-2DDF70D28ADC}
		{D64EDEF6-6405-495F-AAB8-6B3B7FFF193D} = {048E4096-FC61-4E60-9F11-F12E81932E65}
		{1F843BE0-3D91-47AF-8FC1-5CA1F4E56AC7} = {6D8FA046-A1DE-4C62-8B29-4B8910DA8B68}
		{16F94C1C-B478-4031-AF28-8FBE1EDF1DE8} = {6D8FA046-A1DE-4C62-8B29-4B8910DA8B68}
		{9EDD6962-5722-4D02-9D2A-D1CD444AA6FC} = {80E57405-61B0-4022-99ED-57C47EE664B3}
	EndGlobalSection
	GlobalSection(ExtensibilityGlobals) = postSolution
		SolutionGuid = {D1B191E9-530D-492B-8F65-8C75261C8E8B}
	EndGlobalSection
EndGlobal
